
Microsoft Visual Studio Solution File, Format Version 12.00
# Visual Studio Version 16
VisualStudioVersion = 16.0.32901.82
MinimumVisualStudioVersion = 10.0.40219.1
Project("{8BC9CEB8-8B4A-11D0-8D11-00A0C91BC942}") = "kdmapper-GUI", "kdmapper-GUI\kdmapper-GUI.vcxproj", "{07CE6D0B-90CB-423C-BFBD-A272D13527BE}"
EndProject
Global
	GlobalSection(SolutionConfigurationPlatforms) = preSolution
		Debug|x64 = Debug|x64
		Release|x64 = Release|x64
	EndGlobalSection
	GlobalSection(ProjectConfigurationPlatforms) = postSolution
		{07CE6D0B-90CB-423C-BFBD-A272D13527BE}.Debug|x64.ActiveCfg = Debug|x64
		{07CE6D0B-90CB-423C-BFBD-A272D13527BE}.Debug|x64.Build.0 = Debug|x64
		{07CE6D0B-90CB-423C-BFBD-A272D13527BE}.Release|x64.ActiveCfg = Release|x64
		{07CE6D0B-90CB-423C-BFBD-A272D13527BE}.Release|x64.Build.0 = Release|x64
	EndGlobalSection
	GlobalSection(SolutionProperties) = preSolution
		HideSolutionNode = FALSE
	EndGlobalSection
	GlobalSection(ExtensibilityGlobals) = postSolution
		SolutionGuid = {513963EF-BD6D-4B31-95D6-7C54339413CC}
	EndGlobalSection
EndGlobal
